---
ID: "70be5dde-dc83-412d-b484-f5d34ede81d4"
Parent: "0f5020aa-4be1-44f8-91c0-14284ace1c5c"
Template: "cb3b3906-be80-4d9b-a2a4-038193da5422"
Path: /sitecore/system/Settings/Feature/Experience Accelerator/Tailwind/Tailwind Grid Definition/Small/Display/Block
SharedFields:
- ID: "55c117ef-46c0-4cdc-a309-82419983fd42"
  Hint: NonNumeric
  Value: 1
- ID: "591c584f-08a7-4dc6-9d58-1de178c404a2"
  Hint: Class
  Value: "sm:block"
- ID: "ba3f86a2-4a1c-4d78-b63d-91c2779c1b5e"
  Hint: __Sortorder
  Value: 400
Languages:
- Language: "de-DE"
  Fields:
  - ID: "b5e02ad9-d56f-4c41-a065-a133db87bdeb"
    Hint: __Display name
    Value: Block
  Versions:
  - Version: 1
    Fields:
    - ID: "8cdc337e-a112-42fb-bbb4-4143751e123f"
      Hint: __Revision
      Value: "ac4fbaa3-ba0c-4fc7-884f-69df350da70a"
- Language: en
  Versions:
  - Version: 1
    Fields:
    - ID: "8cdc337e-a112-42fb-bbb4-4143751e123f"
      Hint: __Revision
      Value: "61005b25-24e3-420d-bc9f-88eb2efcbe78"
- Language: "ja-JP"
  Fields:
  - ID: "b5e02ad9-d56f-4c41-a065-a133db87bdeb"
    Hint: __Display name
    Value: Block
  Versions:
  - Version: 1
    Fields:
    - ID: "8cdc337e-a112-42fb-bbb4-4143751e123f"
      Hint: __Revision
      Value: "1e949de5-290e-4737-a144-848dea994d95"
- Language: "zh-CN"
  Fields:
  - ID: "b5e02ad9-d56f-4c41-a065-a133db87bdeb"
    Hint: __Display name
    Value: 块
  Versions:
  - Version: 1
    Fields:
    - ID: "8cdc337e-a112-42fb-bbb4-4143751e123f"
      Hint: __Revision
      Value: "42d90645-51b2-4de0-a9f2-f95aa35199fd"
