---
ID: "7f2338d2-5362-4fbf-a4ba-905dcccd511a"
Parent: "0f5020aa-4be1-44f8-91c0-14284ace1c5c"
Template: "cb3b3906-be80-4d9b-a2a4-038193da5422"
Path: "/sitecore/system/Settings/Feature/Experience Accelerator/Tailwind/Tailwind Grid Definition/Small/Display/Inline-block"
SharedFields:
- ID: "55c117ef-46c0-4cdc-a309-82419983fd42"
  Hint: NonNumeric
  Value: 1
- ID: "591c584f-08a7-4dc6-9d58-1de178c404a2"
  Hint: Class
  Value: "sm:inline-block"
- ID: "ba3f86a2-4a1c-4d78-b63d-91c2779c1b5e"
  Hint: __Sortorder
  Value: 300
Languages:
- Language: "de-DE"
  Fields:
  - ID: "b5e02ad9-d56f-4c41-a065-a133db87bdeb"
    Hint: __Display name
    Value: "Inline-block"
  Versions:
  - Version: 1
    Fields:
    - ID: "8cdc337e-a112-42fb-bbb4-4143751e123f"
      Hint: __Revision
      Value: "c0697e49-ee51-412f-954e-f4b766012642"
- Language: en
  Versions:
  - Version: 1
    Fields:
    - ID: "8cdc337e-a112-42fb-bbb4-4143751e123f"
      Hint: __Revision
      Value: "35b9344c-8089-45b9-a87b-a9af6222ce5c"
- Language: "ja-JP"
  Fields:
  - ID: "b5e02ad9-d56f-4c41-a065-a133db87bdeb"
    Hint: __Display name
    Value: "Inline-block"
  Versions:
  - Version: 1
    Fields:
    - ID: "8cdc337e-a112-42fb-bbb4-4143751e123f"
      Hint: __Revision
      Value: "2c6983d3-dcbe-4656-bd0f-ff88f3b1a3df"
- Language: "zh-CN"
  Fields:
  - ID: "b5e02ad9-d56f-4c41-a065-a133db87bdeb"
    Hint: __Display name
    Value: "Inline-block"
  Versions:
  - Version: 1
    Fields:
    - ID: "8cdc337e-a112-42fb-bbb4-4143751e123f"
      Hint: __Revision
      Value: "02044628-3a81-4345-a449-27eae7808f8f"
