---
ID: "0dec674e-9212-47a5-8fdb-c9096c8a429b"
Parent: "2ed20f18-85da-4e3e-ae0e-63aae99a1228"
Template: "cb3b3906-be80-4d9b-a2a4-038193da5422"
Path: /sitecore/system/Settings/Feature/Experience Accelerator/Tailwind/Tailwind Grid Definition/Medium/Display/Block
SharedFields:
- ID: "55c117ef-46c0-4cdc-a309-82419983fd42"
  Hint: NonNumeric
  Value: 1
- ID: "591c584f-08a7-4dc6-9d58-1de178c404a2"
  Hint: Class
  Value: "md:block"
- ID: "ba3f86a2-4a1c-4d78-b63d-91c2779c1b5e"
  Hint: __Sortorder
  Value: 400
Languages:
- Language: "de-DE"
  Fields:
  - ID: "b5e02ad9-d56f-4c41-a065-a133db87bdeb"
    Hint: __Display name
    Value: Block
  Versions:
  - Version: 1
    Fields:
    - ID: "8cdc337e-a112-42fb-bbb4-4143751e123f"
      Hint: __Revision
      Value: "d7c17f5e-e98e-49cf-8090-21387a80e402"
- Language: en
  Versions:
  - Version: 1
    Fields:
    - ID: "8cdc337e-a112-42fb-bbb4-4143751e123f"
      Hint: __Revision
      Value: "2f411594-ecad-4e6e-bad7-83c1684a4e40"
- Language: "ja-JP"
  Fields:
  - ID: "b5e02ad9-d56f-4c41-a065-a133db87bdeb"
    Hint: __Display name
    Value: Block
  Versions:
  - Version: 1
    Fields:
    - ID: "8cdc337e-a112-42fb-bbb4-4143751e123f"
      Hint: __Revision
      Value: "6f51488a-e51d-40a3-8340-2aad7f34834f"
- Language: "zh-CN"
  Fields:
  - ID: "b5e02ad9-d56f-4c41-a065-a133db87bdeb"
    Hint: __Display name
    Value: 块
  Versions:
  - Version: 1
    Fields:
    - ID: "8cdc337e-a112-42fb-bbb4-4143751e123f"
      Hint: __Revision
      Value: "5e9c9bc3-09a9-4c01-80c3-f4fe5c9ca4c1"
