---
ID: "12905b7b-05c6-4ca8-b9af-318410265062"
Parent: "2ed20f18-85da-4e3e-ae0e-63aae99a1228"
Template: "cb3b3906-be80-4d9b-a2a4-038193da5422"
Path: "/sitecore/system/Settings/Feature/Experience Accelerator/Tailwind/Tailwind Grid Definition/Medium/Display/Inline-block"
SharedFields:
- ID: "55c117ef-46c0-4cdc-a309-82419983fd42"
  Hint: NonNumeric
  Value: 1
- ID: "591c584f-08a7-4dc6-9d58-1de178c404a2"
  Hint: Class
  Value: "md:inline-block"
- ID: "ba3f86a2-4a1c-4d78-b63d-91c2779c1b5e"
  Hint: __Sortorder
  Value: 300
Languages:
- Language: "de-DE"
  Fields:
  - ID: "b5e02ad9-d56f-4c41-a065-a133db87bdeb"
    Hint: __Display name
    Value: "Inline-block"
  Versions:
  - Version: 1
    Fields:
    - ID: "8cdc337e-a112-42fb-bbb4-4143751e123f"
      Hint: __Revision
      Value: "ae8154e8-0d41-41cf-8a6a-eb9b8172e10e"
- Language: en
  Versions:
  - Version: 1
    Fields:
    - ID: "8cdc337e-a112-42fb-bbb4-4143751e123f"
      Hint: __Revision
      Value: "14cf432f-a220-4bf2-a523-784ec5091afe"
- Language: "ja-JP"
  Fields:
  - ID: "b5e02ad9-d56f-4c41-a065-a133db87bdeb"
    Hint: __Display name
    Value: "Inline-block"
  Versions:
  - Version: 1
    Fields:
    - ID: "8cdc337e-a112-42fb-bbb4-4143751e123f"
      Hint: __Revision
      Value: "d504c7ff-67b3-4449-9dc8-99f7b46294e1"
- Language: "zh-CN"
  Fields:
  - ID: "b5e02ad9-d56f-4c41-a065-a133db87bdeb"
    Hint: __Display name
    Value: "Inline-block"
  Versions:
  - Version: 1
    Fields:
    - ID: "8cdc337e-a112-42fb-bbb4-4143751e123f"
      Hint: __Revision
      Value: "d4318a77-5593-482e-a9a0-cbe1458397be"
