---
ID: "92e6a9f8-f532-4ba8-9adb-f5e5ea7f8eff"
Parent: "c3692c08-b014-4db1-a6f9-ff1751019ca8"
Template: "cb3b3906-be80-4d9b-a2a4-038193da5422"
Path: "/sitecore/system/Settings/Feature/Experience Accelerator/Tailwind/Tailwind Grid Definition/Extra Extra Large/Display/Inline-block"
SharedFields:
- ID: "55c117ef-46c0-4cdc-a309-82419983fd42"
  Hint: NonNumeric
  Value: 1
- ID: "591c584f-08a7-4dc6-9d58-1de178c404a2"
  Hint: Class
  Value: "2xl:inline-block"
- ID: "ba3f86a2-4a1c-4d78-b63d-91c2779c1b5e"
  Hint: __Sortorder
  Value: 300
Languages:
- Language: "de-DE"
  Fields:
  - ID: "b5e02ad9-d56f-4c41-a065-a133db87bdeb"
    Hint: __Display name
    Value: "Inline-block"
  Versions:
  - Version: 1
    Fields:
    - ID: "8cdc337e-a112-42fb-bbb4-4143751e123f"
      Hint: __Revision
      Value: "506aac9b-fbd9-4109-a072-d4efe6da08f3"
- Language: en
  Versions:
  - Version: 1
    Fields:
    - ID: "8cdc337e-a112-42fb-bbb4-4143751e123f"
      Hint: __Revision
      Value: "b5966e05-b10e-40ec-82d4-a165b86edd87"
- Language: "ja-JP"
  Fields:
  - ID: "b5e02ad9-d56f-4c41-a065-a133db87bdeb"
    Hint: __Display name
    Value: "Inline-block"
  Versions:
  - Version: 1
    Fields:
    - ID: "8cdc337e-a112-42fb-bbb4-4143751e123f"
      Hint: __Revision
      Value: "5ce98023-becf-41ae-9943-9a0e197bc1eb"
- Language: "zh-CN"
  Fields:
  - ID: "b5e02ad9-d56f-4c41-a065-a133db87bdeb"
    Hint: __Display name
    Value: "Inline-block"
  Versions:
  - Version: 1
    Fields:
    - ID: "8cdc337e-a112-42fb-bbb4-4143751e123f"
      Hint: __Revision
      Value: "ae909df0-2ca3-40af-9bb1-ccc70870392b"
